// !$*UTF8*$!
{
	archiveVersion = 1;
	classes = {
	};
	objectVersion = 56;
	objects = {

/* Begin PBXBuildFile section */
		5D9C0D282C92E7DA005E3E58 /* BackgroundView.swift in Sources */ = {isa = PBXBuildFile; fileRef = 5D9C0D272C92E7DA005E3E58 /* BackgroundView.swift */; };
		5D9C0D2D2C92EAED005E3E58 /* Font + Extension.swift in Sources */ = {isa = PBXBuildFile; fileRef = 5D9C0D2C2C92EAED005E3E58 /* Font + Extension.swift */; };
		5D9C0D2F2C92EE9F005E3E58 /* Model.swift in Sources */ = {isa = PBXBuildFile; fileRef = 5D9C0D2E2C92EE9F005E3E58 /* Model.swift */; };
		5D9C0D312C930145005E3E58 /* SongCell.swift in Sources */ = {isa = PBXBuildFile; fileRef = 5D9C0D302C930145005E3E58 /* SongCell.swift */; };
		5D9C0D332C930C66005E3E58 /* ViewModel.swift in Sources */ = {isa = PBXBuildFile; fileRef = 5D9C0D322C930C66005E3E58 /* ViewModel.swift */; };
		5D9C0D352C9328A8005E3E58 /* ImportFileManager.swift in Sources */ = {isa = PBXBuildFile; fileRef = 5D9C0D342C9328A8005E3E58 /* ImportFileManager.swift */; };
		5DE89A272C8F40E800CE423E /* MusicPlayerApp.swift in Sources */ = {isa = PBXBuildFile; fileRef = 5DE89A262C8F40E800CE423E /* MusicPlayerApp.swift */; };
		5DE89A292C8F40E800CE423E /* PlayerView.swift in Sources */ = {isa = PBXBuildFile; fileRef = 5DE89A282C8F40E800CE423E /* PlayerView.swift */; };
		5DE89A2B2C8F40E900CE423E /* Assets.xcassets in Resources */ = {isa = PBXBuildFile; fileRef = 5DE89A2A2C8F40E900CE423E /* Assets.xcassets */; };
		5DE89A2E2C8F40E900CE423E /* Preview Assets.xcassets in Resources */ = {isa = PBXBuildFile; fileRef = 5DE89A2D2C8F40E900CE423E /* Preview Assets.xcassets */; };
		EABCB7B675475CB00AAE9782 /* Pods_MusicPlayer.framework in Frameworks */ = {isa = PBXBuildFile; fileRef = 018F76B52708ED9318424519 /* Pods_MusicPlayer.framework */; };
/* End PBXBuildFile section */

/* Begin PBXFileReference section */
		018F76B52708ED9318424519 /* Pods_MusicPlayer.framework */ = {isa = PBXFileReference; explicitFileType = wrapper.framework; includeInIndex = 0; path = Pods_MusicPlayer.framework; sourceTree = BUILT_PRODUCTS_DIR; };
		5D9C0D272C92E7DA005E3E58 /* BackgroundView.swift */ = {isa = PBXFileReference; lastKnownFileType = sourcecode.swift; path = BackgroundView.swift; sourceTree = "<group>"; };
		5D9C0D2C2C92EAED005E3E58 /* Font + Extension.swift */ = {isa = PBXFileReference; lastKnownFileType = sourcecode.swift; path = "Font + Extension.swift"; sourceTree = "<group>"; };
		5D9C0D2E2C92EE9F005E3E58 /* Model.swift */ = {isa = PBXFileReference; lastKnownFileType = sourcecode.swift; path = Model.swift; sourceTree = "<group>"; };
		5D9C0D302C930145005E3E58 /* SongCell.swift */ = {isa = PBXFileReference; lastKnownFileType = sourcecode.swift; path = SongCell.swift; sourceTree = "<group>"; };
		5D9C0D322C930C66005E3E58 /* ViewModel.swift */ = {isa = PBXFileReference; lastKnownFileType = sourcecode.swift; path = ViewModel.swift; sourceTree = "<group>"; };
		5D9C0D342C9328A8005E3E58 /* ImportFileManager.swift */ = {isa = PBXFileReference; lastKnownFileType = sourcecode.swift; path = ImportFileManager.swift; sourceTree = "<group>"; };
		5DE89A232C8F40E800CE423E /* MusicPlayer.app */ = {isa = PBXFileReference; explicitFileType = wrapper.application; includeInIndex = 0; path = MusicPlayer.app; sourceTree = BUILT_PRODUCTS_DIR; };
		5DE89A262C8F40E800CE423E /* MusicPlayerApp.swift */ = {isa = PBXFileReference; lastKnownFileType = sourcecode.swift; path = MusicPlayerApp.swift; sourceTree = "<group>"; };
		5DE89A282C8F40E800CE423E /* PlayerView.swift */ = {isa = PBXFileReference; lastKnownFileType = sourcecode.swift; path = PlayerView.swift; sourceTree = "<group>"; };
		5DE89A2A2C8F40E900CE423E /* Assets.xcassets */ = {isa = PBXFileReference; lastKnownFileType = folder.assetcatalog; path = Assets.xcassets; sourceTree = "<group>"; };
		5DE89A2D2C8F40E900CE423E /* Preview Assets.xcassets */ = {isa = PBXFileReference; lastKnownFileType = folder.assetcatalog; path = "Preview Assets.xcassets"; sourceTree = "<group>"; };
		6C03631D84AB66AE8BF50068 /* Pods-MusicPlayer.release.xcconfig */ = {isa = PBXFileReference; includeInIndex = 1; lastKnownFileType = text.xcconfig; name = "Pods-MusicPlayer.release.xcconfig"; path = "Target Support Files/Pods-MusicPlayer/Pods-MusicPlayer.release.xcconfig"; sourceTree = "<group>"; };
		C51D970A52037CCF6A34BE16 /* Pods-MusicPlayer.debug.xcconfig */ = {isa = PBXFileReference; includeInIndex = 1; lastKnownFileType = text.xcconfig; name = "Pods-MusicPlayer.debug.xcconfig"; path = "Target Support Files/Pods-MusicPlayer/Pods-MusicPlayer.debug.xcconfig"; sourceTree = "<group>"; };
/* End PBXFileReference section */

/* Begin PBXFrameworksBuildPhase section */
		5DE89A202C8F40E800CE423E /* Frameworks */ = {
			isa = PBXFrameworksBuildPhase;
			buildActionMask = 2147483647;
			files = (
				EABCB7B675475CB00AAE9782 /* Pods_MusicPlayer.framework in Frameworks */,
			);
			runOnlyForDeploymentPostprocessing = 0;
		};
/* End PBXFrameworksBuildPhase section */

/* Begin PBXGroup section */
		2851A6CB99D9010D20213C72 /* Frameworks */ = {
			isa = PBXGroup;
			children = (
				018F76B52708ED9318424519 /* Pods_MusicPlayer.framework */,
			);
			name = Frameworks;
			sourceTree = "<group>";
		};
		40F27FD6D38BEF7990C915DA /* Pods */ = {
			isa = PBXGroup;
			children = (
				C51D970A52037CCF6A34BE16 /* Pods-MusicPlayer.debug.xcconfig */,
				6C03631D84AB66AE8BF50068 /* Pods-MusicPlayer.release.xcconfig */,
			);
			path = Pods;
			sourceTree = "<group>";
		};
		5D9C0D232C92E36C005E3E58 /* Model */ = {
			isa = PBXGroup;
			children = (
			);
			path = Model;
			sourceTree = "<group>";
		};
		5D9C0D242C92E373005E3E58 /* View */ = {
			isa = PBXGroup;
			children = (
				5DE89A282C8F40E800CE423E /* PlayerView.swift */,
				5D9C0D2E2C92EE9F005E3E58 /* Model.swift */,
				5D9C0D262C92E724005E3E58 /* Subviews */,
			);
			path = View;
			sourceTree = "<group>";
		};
		5D9C0D252C92E37B005E3E58 /* ViewModel */ = {
			isa = PBXGroup;
			children = (
				5D9C0D322C930C66005E3E58 /* ViewModel.swift */,
			);
			path = ViewModel;
			sourceTree = "<group>";
		};
		5D9C0D262C92E724005E3E58 /* Subviews */ = {
			isa = PBXGroup;
			children = (
				5D9C0D272C92E7DA005E3E58 /* BackgroundView.swift */,
				5D9C0D302C930145005E3E58 /* SongCell.swift */,
			);
			path = Subviews;
			sourceTree = "<group>";
		};
		5D9C0D292C92EA29005E3E58 /* Helper */ = {
			isa = PBXGroup;
			children = (
				5D9C0D2C2C92EAED005E3E58 /* Font + Extension.swift */,
				5D9C0D342C9328A8005E3E58 /* ImportFileManager.swift */,
			);
			path = Helper;
			sourceTree = "<group>";
		};
		5DE89A1A2C8F40E800CE423E = {
			isa = PBXGroup;
			children = (
				5DE89A252C8F40E800CE423E /* MusicPlayer */,
				5DE89A242C8F40E800CE423E /* Products */,
				40F27FD6D38BEF7990C915DA /* Pods */,
				2851A6CB99D9010D20213C72 /* Frameworks */,
			);
			sourceTree = "<group>";
		};
		5DE89A242C8F40E800CE423E /* Products */ = {
			isa = PBXGroup;
			children = (
				5DE89A232C8F40E800CE423E /* MusicPlayer.app */,
			);
			name = Products;
			sourceTree = "<group>";
		};
		5DE89A252C8F40E800CE423E /* MusicPlayer */ = {
			isa = PBXGroup;
			children = (
				5D9C0D232C92E36C005E3E58 /* Model */,
				5D9C0D242C92E373005E3E58 /* View */,
				5D9C0D252C92E37B005E3E58 /* ViewModel */,
				5D9C0D292C92EA29005E3E58 /* Helper */,
				5DE89A262C8F40E800CE423E /* MusicPlayerApp.swift */,
				5DE89A2A2C8F40E900CE423E /* Assets.xcassets */,
				5DE89A2C2C8F40E900CE423E /* Preview Content */,
			);
			path = MusicPlayer;
			sourceTree = "<group>";
		};
		5DE89A2C2C8F40E900CE423E /* Preview Content */ = {
			isa = PBXGroup;
			children = (
				5DE89A2D2C8F40E900CE423E /* Preview Assets.xcassets */,
			);
			path = "Preview Content";
			sourceTree = "<group>";
		};
/* End PBXGroup section */

/* Begin PBXNativeTarget section */
		5DE89A222C8F40E800CE423E /* MusicPlayer */ = {
			isa = PBXNativeTarget;
			buildConfigurationList = 5DE89A312C8F40E900CE423E /* Build configuration list for PBXNativeTarget "MusicPlayer" */;
			buildPhases = (
				846099F1C51238FBE6AE44F0 /* [CP] Check Pods Manifest.lock */,
				5DE89A1F2C8F40E800CE423E /* Sources */,
				5DE89A202C8F40E800CE423E /* Frameworks */,
				5DE89A212C8F40E800CE423E /* Resources */,
				9253BF661948E20414FD32C8 /* [CP] Embed Pods Frameworks */,
			);
			buildRules = (
			);
			dependencies = (
			);
			name = MusicPlayer;
			productName = MusicPlayer;
			productReference = 5DE89A232C8F40E800CE423E /* MusicPlayer.app */;
			productType = "com.apple.product-type.application";
		};
/* End PBXNativeTarget section */

/* Begin PBXProject section */
		5DE89A1B2C8F40E800CE423E /* Project object */ = {
			isa = PBXProject;
			attributes = {
				BuildIndependentTargetsInParallel = 1;
				LastSwiftUpdateCheck = 1540;
				LastUpgradeCheck = 1540;
				TargetAttributes = {
					5DE89A222C8F40E800CE423E = {
						CreatedOnToolsVersion = 15.4;
					};
				};
			};
			buildConfigurationList = 5DE89A1E2C8F40E800CE423E /* Build configuration list for PBXProject "MusicPlayer" */;
			compatibilityVersion = "Xcode 14.0";
			developmentRegion = en;
			hasScannedForEncodings = 0;
			knownRegions = (
				en,
				Base,
			);
			mainGroup = 5DE89A1A2C8F40E800CE423E;
			productRefGroup = 5DE89A242C8F40E800CE423E /* Products */;
			projectDirPath = "";
			projectRoot = "";
			targets = (
				5DE89A222C8F40E800CE423E /* MusicPlayer */,
			);
		};
/* End PBXProject section */

/* Begin PBXResourcesBuildPhase section */
		5DE89A212C8F40E800CE423E /* Resources */ = {
			isa = PBXResourcesBuildPhase;
			buildActionMask = 2147483647;
			files = (
				5DE89A2E2C8F40E900CE423E /* Preview Assets.xcassets in Resources */,
				5DE89A2B2C8F40E900CE423E /* Assets.xcassets in Resources */,
			);
			runOnlyForDeploymentPostprocessing = 0;
		};
/* End PBXResourcesBuildPhase section */

/* Begin PBXShellScriptBuildPhase section */
		846099F1C51238FBE6AE44F0 /* [CP] Check Pods Manifest.lock */ = {
			isa = PBXShellScriptBuildPhase;
			buildActionMask = 2147483647;
			files = (
			);
			inputFileListPaths = (
			);
			inputPaths = (
				"${PODS_PODFILE_DIR_PATH}/Podfile.lock",
				"${PODS_ROOT}/Manifest.lock",
			);
			name = "[CP] Check Pods Manifest.lock";
			outputFileListPaths = (
			);
			outputPaths = (
				"$(DERIVED_FILE_DIR)/Pods-MusicPlayer-checkManifestLockResult.txt",
			);
			runOnlyForDeploymentPostprocessing = 0;
			shellPath = /bin/sh;
			shellScript = "diff \"${PODS_PODFILE_DIR_PATH}/Podfile.lock\" \"${PODS_ROOT}/Manifest.lock\" > /dev/null\nif [ $? != 0 ] ; then\n    # print error to STDERR\n    echo \"error: The sandbox is not in sync with the Podfile.lock. Run 'pod install' or update your CocoaPods installation.\" >&2\n    exit 1\nfi\n# This output is used by Xcode 'outputs' to avoid re-running this script phase.\necho \"SUCCESS\" > \"${SCRIPT_OUTPUT_FILE_0}\"\n";
			showEnvVarsInLog = 0;
		};
		9253BF661948E20414FD32C8 /* [CP] Embed Pods Frameworks */ = {
			isa = PBXShellScriptBuildPhase;
			buildActionMask = 2147483647;
			files = (
			);
			inputFileListPaths = (
				"${PODS_ROOT}/Target Support Files/Pods-MusicPlayer/Pods-MusicPlayer-frameworks-${CONFIGURATION}-input-files.xcfilelist",
			);
			name = "[CP] Embed Pods Frameworks";
			outputFileListPaths = (
				"${PODS_ROOT}/Target Support Files/Pods-MusicPlayer/Pods-MusicPlayer-frameworks-${CONFIGURATION}-output-files.xcfilelist",
			);
			runOnlyForDeploymentPostprocessing = 0;
			shellPath = /bin/sh;
			shellScript = "\"${PODS_ROOT}/Target Support Files/Pods-MusicPlayer/Pods-MusicPlayer-frameworks.sh\"\n";
			showEnvVarsInLog = 0;
		};
/* End PBXShellScriptBuildPhase section */

/* Begin PBXSourcesBuildPhase section */
		5DE89A1F2C8F40E800CE423E /* Sources */ = {
			isa = PBXSourcesBuildPhase;
			buildActionMask = 2147483647;
			files = (
				5D9C0D352C9328A8005E3E58 /* ImportFileManager.swift in Sources */,
				5D9C0D2F2C92EE9F005E3E58 /* Model.swift in Sources */,
				5D9C0D2D2C92EAED005E3E58 /* Font + Extension.swift in Sources */,
				5D9C0D282C92E7DA005E3E58 /* BackgroundView.swift in Sources */,
				5DE89A292C8F40E800CE423E /* PlayerView.swift in Sources */,
				5D9C0D312C930145005E3E58 /* SongCell.swift in Sources */,
				5DE89A272C8F40E800CE423E /* MusicPlayerApp.swift in Sources */,
				5D9C0D332C930C66005E3E58 /* ViewModel.swift in Sources */,
			);
			runOnlyForDeploymentPostprocessing = 0;
		};
/* End PBXSourcesBuildPhase section */

/* Begin XCBuildConfiguration section */
		5DE89A2F2C8F40E900CE423E /* Debug */ = {
			isa = XCBuildConfiguration;
			buildSettings = {
				ALWAYS_SEARCH_USER_PATHS = NO;
				ASSETCATALOG_COMPILER_GENERATE_SWIFT_ASSET_SYMBOL_EXTENSIONS = YES;
				CLANG_ANALYZER_NONNULL = YES;
				CLANG_ANALYZER_NUMBER_OBJECT_CONVERSION = YES_AGGRESSIVE;
				CLANG_CXX_LANGUAGE_STANDARD = "gnu++20";
				CLANG_ENABLE_MODULES = YES;
				CLANG_ENABLE_OBJC_ARC = YES;
				CLANG_ENABLE_OBJC_WEAK = YES;
				CLANG_WARN_BLOCK_CAPTURE_AUTORELEASING = YES;
				CLANG_WARN_BOOL_CONVERSION = YES;
				CLANG_WARN_COMMA = YES;
				CLANG_WARN_CONSTANT_CONVERSION = YES;
				CLANG_WARN_DEPRECATED_OBJC_IMPLEMENTATIONS = YES;
				CLANG_WARN_DIRECT_OBJC_ISA_USAGE = YES_ERROR;
				CLANG_WARN_DOCUMENTATION_COMMENTS = YES;
				CLANG_WARN_EMPTY_BODY = YES;
				CLANG_WARN_ENUM_CONVERSION = YES;
				CLANG_WARN_INFINITE_RECURSION = YES;
				CLANG_WARN_INT_CONVERSION = YES;
				CLANG_WARN_NON_LITERAL_NULL_CONVERSION = YES;
				CLANG_WARN_OBJC_IMPLICIT_RETAIN_SELF = YES;
				CLANG_WARN_OBJC_LITERAL_CONVERSION = YES;
				CLANG_WARN_OBJC_ROOT_CLASS = YES_ERROR;
				CLANG_WARN_QUOTED_INCLUDE_IN_FRAMEWORK_HEADER = YES;
				CLANG_WARN_RANGE_LOOP_ANALYSIS = YES;
				CLANG_WARN_STRICT_PROTOTYPES = YES;
				CLANG_WARN_SUSPICIOUS_MOVE = YES;
				CLANG_WARN_UNGUARDED_AVAILABILITY = YES_AGGRESSIVE;
				CLANG_WARN_UNREACHABLE_CODE = YES;
				CLANG_WARN__DUPLICATE_METHOD_MATCH = YES;
				COPY_PHASE_STRIP = NO;
				DEBUG_INFORMATION_FORMAT = dwarf;
				ENABLE_STRICT_OBJC_MSGSEND = YES;
				ENABLE_TESTABILITY = YES;
				ENABLE_USER_SCRIPT_SANDBOXING = YES;
				GCC_C_LANGUAGE_STANDARD = gnu17;
				GCC_DYNAMIC_NO_PIC = NO;
				GCC_NO_COMMON_BLOCKS = YES;
				GCC_OPTIMIZATION_LEVEL = 0;
				GCC_PREPROCESSOR_DEFINITIONS = (
					"DEBUG=1",
					"$(inherited)",
				);
				GCC_WARN_64_TO_32_BIT_CONVERSION = YES;
				GCC_WARN_ABOUT_RETURN_TYPE = YES_ERROR;
				GCC_WARN_UNDECLARED_SELECTOR = YES;
				GCC_WARN_UNINITIALIZED_AUTOS = YES_AGGRESSIVE;
				GCC_WARN_UNUSED_FUNCTION = YES;
				GCC_WARN_UNUSED_VARIABLE = YES;
				IPHONEOS_DEPLOYMENT_TARGET = 17.5;
				LOCALIZATION_PREFERS_STRING_CATALOGS = YES;
				MTL_ENABLE_DEBUG_INFO = INCLUDE_SOURCE;
				MTL_FAST_MATH = YES;
				ONLY_ACTIVE_ARCH = YES;
				SDKROOT = iphoneos;
				SWIFT_ACTIVE_COMPILATION_CONDITIONS = "DEBUG $(inherited)";
				SWIFT_OPTIMIZATION_LEVEL = "-Onone";
			};
			name = Debug;
		};
		5DE89A302C8F40E900CE423E /* Release */ = {
			isa = XCBuildConfiguration;
			buildSettings = {
				ALWAYS_SEARCH_USER_PATHS = NO;
				ASSETCATALOG_COMPILER_GENERATE_SWIFT_ASSET_SYMBOL_EXTENSIONS = YES;
				CLANG_ANALYZER_NONNULL = YES;
				CLANG_ANALYZER_NUMBER_OBJECT_CONVERSION = YES_AGGRESSIVE;
				CLANG_CXX_LANGUAGE_STANDARD = "gnu++20";
				CLANG_ENABLE_MODULES = YES;
				CLANG_ENABLE_OBJC_ARC = YES;
				CLANG_ENABLE_OBJC_WEAK = YES;
				CLANG_WARN_BLOCK_CAPTURE_AUTORELEASING = YES;
				CLANG_WARN_BOOL_CONVERSION = YES;
				CLANG_WARN_COMMA = YES;
				CLANG_WARN_CONSTANT_CONVERSION = YES;
				CLANG_WARN_DEPRECATED_OBJC_IMPLEMENTATIONS = YES;
				CLANG_WARN_DIRECT_OBJC_ISA_USAGE = YES_ERROR;
				CLANG_WARN_DOCUMENTATION_COMMENTS = YES;
				CLANG_WARN_EMPTY_BODY = YES;
				CLANG_WARN_ENUM_CONVERSION = YES;
				CLANG_WARN_INFINITE_RECURSION = YES;
				CLANG_WARN_INT_CONVERSION = YES;
				CLANG_WARN_NON_LITERAL_NULL_CONVERSION = YES;
				CLANG_WARN_OBJC_IMPLICIT_RETAIN_SELF = YES;
				CLANG_WARN_OBJC_LITERAL_CONVERSION = YES;
				CLANG_WARN_OBJC_ROOT_CLASS = YES_ERROR;
				CLANG_WARN_QUOTED_INCLUDE_IN_FRAMEWORK_HEADER = YES;
				CLANG_WARN_RANGE_LOOP_ANALYSIS = YES;
				CLANG_WARN_STRICT_PROTOTYPES = YES;
				CLANG_WARN_SUSPICIOUS_MOVE = YES;
				CLANG_WARN_UNGUARDED_AVAILABILITY = YES_AGGRESSIVE;
				CLANG_WARN_UNREACHABLE_CODE = YES;
				CLANG_WARN__DUPLICATE_METHOD_MATCH = YES;
				COPY_PHASE_STRIP = NO;
				DEBUG_INFORMATION_FORMAT = "dwarf-with-dsym";
				ENABLE_NS_ASSERTIONS = NO;
				ENABLE_STRICT_OBJC_MSGSEND = YES;
				ENABLE_USER_SCRIPT_SANDBOXING = YES;
				GCC_C_LANGUAGE_STANDARD = gnu17;
				GCC_NO_COMMON_BLOCKS = YES;
				GCC_WARN_64_TO_32_BIT_CONVERSION = YES;
				GCC_WARN_ABOUT_RETURN_TYPE = YES_ERROR;
				GCC_WARN_UNDECLARED_SELECTOR = YES;
				GCC_WARN_UNINITIALIZED_AUTOS = YES_AGGRESSIVE;
				GCC_WARN_UNUSED_FUNCTION = YES;
				GCC_WARN_UNUSED_VARIABLE = YES;
				IPHONEOS_DEPLOYMENT_TARGET = 17.5;
				LOCALIZATION_PREFERS_STRING_CATALOGS = YES;
				MTL_ENABLE_DEBUG_INFO = NO;
				MTL_FAST_MATH = YES;
				SDKROOT = iphoneos;
				SWIFT_COMPILATION_MODE = wholemodule;
				VALIDATE_PRODUCT = YES;
			};
			name = Release;
		};
		5DE89A322C8F40E900CE423E /* Debug */ = {
			isa = XCBuildConfiguration;
			baseConfigurationReference = C51D970A52037CCF6A34BE16 /* Pods-MusicPlayer.debug.xcconfig */;
			buildSettings = {
				ASSETCATALOG_COMPILER_APPICON_NAME = AppIcon;
				ASSETCATALOG_COMPILER_GLOBAL_ACCENT_COLOR_NAME = AccentColor;
				CODE_SIGN_STYLE = Automatic;
				CURRENT_PROJECT_VERSION = 1;
				DEVELOPMENT_ASSET_PATHS = "\"MusicPlayer/Preview Content\"";
				DEVELOPMENT_TEAM = 6X2626RZHL;
				ENABLE_PREVIEWS = YES;
				ENABLE_USER_SCRIPT_SANDBOXING = NO;
				GENERATE_INFOPLIST_FILE = YES;
				INFOPLIST_KEY_UIApplicationSceneManifest_Generation = YES;
				INFOPLIST_KEY_UIApplicationSupportsIndirectInputEvents = YES;
				INFOPLIST_KEY_UILaunchScreen_Generation = YES;
				INFOPLIST_KEY_UISupportedInterfaceOrientations_iPad = "UIInterfaceOrientationPortrait UIInterfaceOrientationPortraitUpsideDown UIInterfaceOrientationLandscapeLeft UIInterfaceOrientationLandscapeRight";
				INFOPLIST_KEY_UISupportedInterfaceOrientations_iPhone = "UIInterfaceOrientationPortrait UIInterfaceOrientationLandscapeLeft UIInterfaceOrientationLandscapeRight";
				LD_RUNPATH_SEARCH_PATHS = (
					"$(inherited)",
					"@executable_path/Frameworks",
				);
				MARKETING_VERSION = 1.0;
				PRODUCT_BUNDLE_IDENTIFIER = com.aiXCodes.MusicPlayer;
				PRODUCT_NAME = "$(TARGET_NAME)";
				SWIFT_EMIT_LOC_STRINGS = YES;
				SWIFT_VERSION = 5.0;
				TARGETED_DEVICE_FAMILY = "1,2";
			};
			name = Debug;
		};
		5DE89A332C8F40E900CE423E /* Release */ = {
			isa = XCBuildConfiguration;
			baseConfigurationReference = 6C03631D84AB66AE8BF50068 /* Pods-MusicPlayer.release.xcconfig */;
			buildSettings = {
				ASSETCATALOG_COMPILER_APPICON_NAME = AppIcon;
				ASSETCATALOG_COMPILER_GLOBAL_ACCENT_COLOR_NAME = AccentColor;
				CODE_SIGN_STYLE = Automatic;
				CURRENT_PROJECT_VERSION = 1;
				DEVELOPMENT_ASSET_PATHS = "\"MusicPlayer/Preview Content\"";
				DEVELOPMENT_TEAM = 6X2626RZHL;
				ENABLE_PREVIEWS = YES;
				ENABLE_USER_SCRIPT_SANDBOXING = NO;
				GENERATE_INFOPLIST_FILE = YES;
				INFOPLIST_KEY_UIApplicationSceneManifest_Generation = YES;
				INFOPLIST_KEY_UIApplicationSupportsIndirectInputEvents = YES;
				INFOPLIST_KEY_UILaunchScreen_Generation = YES;
				INFOPLIST_KEY_UISupportedInterfaceOrientations_iPad = "UIInterfaceOrientationPortrait UIInterfaceOrientationPortraitUpsideDown UIInterfaceOrientationLandscapeLeft UIInterfaceOrientationLandscapeRight";
				INFOPLIST_KEY_UISupportedInterfaceOrientations_iPhone = "UIInterfaceOrientationPortrait UIInterfaceOrientationLandscapeLeft UIInterfaceOrientationLandscapeRight";
				LD_RUNPATH_SEARCH_PATHS = (
					"$(inherited)",
					"@executable_path/Frameworks",
				);
				MARKETING_VERSION = 1.0;
				PRODUCT_BUNDLE_IDENTIFIER = com.aiXCodes.MusicPlayer;
				PRODUCT_NAME = "$(TARGET_NAME)";
				SWIFT_EMIT_LOC_STRINGS = YES;
				SWIFT_VERSION = 5.0;
				TARGETED_DEVICE_FAMILY = "1,2";
			};
			name = Release;
		};
/* End XCBuildConfiguration section */

/* Begin XCConfigurationList section */
		5DE89A1E2C8F40E800CE423E /* Build configuration list for PBXProject "MusicPlayer" */ = {
			isa = XCConfigurationList;
			buildConfigurations = (
				5DE89A2F2C8F40E900CE423E /* Debug */,
				5DE89A302C8F40E900CE423E /* Release */,
			);
			defaultConfigurationIsVisible = 0;
			defaultConfigurationName = Release;
		};
		5DE89A312C8F40E900CE423E /* Build configuration list for PBXNativeTarget "MusicPlayer" */ = {
			isa = XCConfigurationList;
			buildConfigurations = (
				5DE89A322C8F40E900CE423E /* Debug */,
				5DE89A332C8F40E900CE423E /* Release */,
			);
			defaultConfigurationIsVisible = 0;
			defaultConfigurationName = Release;
		};
/* End XCConfigurationList section */
	};
	rootObject = 5DE89A1B2C8F40E800CE423E /* Project object */;
}
